
Microsoft Visual Studio Solution File, Format Version 12.00
# Visual Studio 15
Project("{FAE04EC0-301F-11D3-BF4B-00C04F79EFBC}") = "EPServices.Android", "EPServices.Android\EPServices.Android.csproj", "{71C06DCA-473C-4533-9BE2-453AABA98D26}"
EndProject
Project("{FAE04EC0-301F-11D3-BF4B-00C04F79EFBC}") = "EPServices.iOS", "EPServices.iOS\EPServices.iOS.csproj", "{F2C3EF1A-7F91-49AE-A7D0-E4366760ADB0}"
EndProject
Project("{FAE04EC0-301F-11D3-BF4B-00C04F79EFBC}") = "EPServices", "EPServices\EPServices.csproj", "{BCC547C5-3FD5-41AA-87A4-62C533ABA0C2}"
EndProject
Global
	GlobalSection(SolutionConfigurationPlatforms) = preSolution
		Debug|Any CPU = Debug|Any CPU
		Release|Any CPU = Release|Any CPU
		Debug|iPhoneSimulator = Debug|iPhoneSimulator
		Release|iPhoneSimulator = Release|iPhoneSimulator
		Debug|iPhone = Debug|iPhone
		Release|iPhone = Release|iPhone
	EndGlobalSection
	GlobalSection(ProjectConfigurationPlatforms) = postSolution
		{71C06DCA-473C-4533-9BE2-453AABA98D26}.Debug|Any CPU.ActiveCfg = Debug|Any CPU
		{71C06DCA-473C-4533-9BE2-453AABA98D26}.Debug|Any CPU.Build.0 = Debug|Any CPU
		{71C06DCA-473C-4533-9BE2-453AABA98D26}.Release|Any CPU.ActiveCfg = Release|Any CPU
		{71C06DCA-473C-4533-9BE2-453AABA98D26}.Release|Any CPU.Build.0 = Release|Any CPU
		{71C06DCA-473C-4533-9BE2-453AABA98D26}.Debug|iPhoneSimulator.ActiveCfg = Debug|Any CPU
		{71C06DCA-473C-4533-9BE2-453AABA98D26}.Debug|iPhoneSimulator.Build.0 = Debug|Any CPU
		{71C06DCA-473C-4533-9BE2-453AABA98D26}.Release|iPhoneSimulator.ActiveCfg = Release|Any CPU
		{71C06DCA-473C-4533-9BE2-453AABA98D26}.Release|iPhoneSimulator.Build.0 = Release|Any CPU
		{71C06DCA-473C-4533-9BE2-453AABA98D26}.Debug|iPhone.ActiveCfg = Debug|Any CPU
		{71C06DCA-473C-4533-9BE2-453AABA98D26}.Debug|iPhone.Build.0 = Debug|Any CPU
		{71C06DCA-473C-4533-9BE2-453AABA98D26}.Release|iPhone.ActiveCfg = Release|Any CPU
		{71C06DCA-473C-4533-9BE2-453AABA98D26}.Release|iPhone.Build.0 = Release|Any CPU
		{F2C3EF1A-7F91-49AE-A7D0-E4366760ADB0}.Debug|Any CPU.ActiveCfg = Debug|iPhoneSimulator
		{F2C3EF1A-7F91-49AE-A7D0-E4366760ADB0}.Debug|Any CPU.Build.0 = Debug|iPhoneSimulator
		{F2C3EF1A-7F91-49AE-A7D0-E4366760ADB0}.Release|Any CPU.ActiveCfg = Release|iPhoneSimulator
		{F2C3EF1A-7F91-49AE-A7D0-E4366760ADB0}.Release|Any CPU.Build.0 = Release|iPhoneSimulator
		{F2C3EF1A-7F91-49AE-A7D0-E4366760ADB0}.Debug|iPhoneSimulator.ActiveCfg = Debug|iPhoneSimulator
		{F2C3EF1A-7F91-49AE-A7D0-E4366760ADB0}.Debug|iPhoneSimulator.Build.0 = Debug|iPhoneSimulator
		{F2C3EF1A-7F91-49AE-A7D0-E4366760ADB0}.Release|iPhoneSimulator.ActiveCfg = Release|iPhoneSimulator
		{F2C3EF1A-7F91-49AE-A7D0-E4366760ADB0}.Release|iPhoneSimulator.Build.0 = Release|iPhoneSimulator
		{F2C3EF1A-7F91-49AE-A7D0-E4366760ADB0}.Debug|iPhone.ActiveCfg = Debug|iPhone
		{F2C3EF1A-7F91-49AE-A7D0-E4366760ADB0}.Debug|iPhone.Build.0 = Debug|iPhone
		{F2C3EF1A-7F91-49AE-A7D0-E4366760ADB0}.Release|iPhone.ActiveCfg = Release|iPhone
		{F2C3EF1A-7F91-49AE-A7D0-E4366760ADB0}.Release|iPhone.Build.0 = Release|iPhone
		{BCC547C5-3FD5-41AA-87A4-62C533ABA0C2}.Debug|Any CPU.ActiveCfg = Debug|Any CPU
		{BCC547C5-3FD5-41AA-87A4-62C533ABA0C2}.Debug|Any CPU.Build.0 = Debug|Any CPU
		{BCC547C5-3FD5-41AA-87A4-62C533ABA0C2}.Release|Any CPU.ActiveCfg = Release|Any CPU
		{BCC547C5-3FD5-41AA-87A4-62C533ABA0C2}.Release|Any CPU.Build.0 = Release|Any CPU
		{BCC547C5-3FD5-41AA-87A4-62C533ABA0C2}.Debug|iPhoneSimulator.ActiveCfg = Debug|Any CPU
		{BCC547C5-3FD5-41AA-87A4-62C533ABA0C2}.Debug|iPhoneSimulator.Build.0 = Debug|Any CPU
		{BCC547C5-3FD5-41AA-87A4-62C533ABA0C2}.Release|iPhoneSimulator.ActiveCfg = Release|Any CPU
		{BCC547C5-3FD5-41AA-87A4-62C533ABA0C2}.Release|iPhoneSimulator.Build.0 = Release|Any CPU
		{BCC547C5-3FD5-41AA-87A4-62C533ABA0C2}.Debug|iPhone.ActiveCfg = Debug|Any CPU
		{BCC547C5-3FD5-41AA-87A4-62C533ABA0C2}.Debug|iPhone.Build.0 = Debug|Any CPU
		{BCC547C5-3FD5-41AA-87A4-62C533ABA0C2}.Release|iPhone.ActiveCfg = Release|Any CPU
		{BCC547C5-3FD5-41AA-87A4-62C533ABA0C2}.Release|iPhone.Build.0 = Release|Any CPU
	EndGlobalSection
EndGlobal
